// !$*UTF8*$!
{
	archiveVersion = 1;
	classes = {
	};
	objectVersion = 56;
	objects = {

/* Begin PBXBuildFile section */
		1808A7A22B9F1616009D3F50 /* AppDelegate.swift in Sources */ = {isa = PBXBuildFile; fileRef = 1808A7A12B9F1616009D3F50 /* AppDelegate.swift */; };
		1808A7A42B9F1616009D3F50 /* SceneDelegate.swift in Sources */ = {isa = PBXBuildFile; fileRef = 1808A7A32B9F1616009D3F50 /* SceneDelegate.swift */; };
		1808A7A62B9F1616009D3F50 /* ViewController.swift in Sources */ = {isa = PBXBuildFile; fileRef = 1808A7A52B9F1616009D3F50 /* ViewController.swift */; };
		1808A7A92B9F1616009D3F50 /* Main.storyboard in Resources */ = {isa = PBXBuildFile; fileRef = 1808A7A72B9F1616009D3F50 /* Main.storyboard */; };
		1808A7AB2B9F1618009D3F50 /* Assets.xcassets in Resources */ = {isa = PBXBuildFile; fileRef = 1808A7AA2B9F1618009D3F50 /* Assets.xcassets */; };
		1808A7AE2B9F1618009D3F50 /* LaunchScreen.storyboard in Resources */ = {isa = PBXBuildFile; fileRef = 1808A7AC2B9F1618009D3F50 /* LaunchScreen.storyboard */; };
		181C08862BA0DF800002BDE5 /* View.xib in Resources */ = {isa = PBXBuildFile; fileRef = 181C08852BA0DF800002BDE5 /* View.xib */; };
		181C08882BA0DFDF0002BDE5 /* CustomView.swift in Sources */ = {isa = PBXBuildFile; fileRef = 181C08872BA0DFDF0002BDE5 /* CustomView.swift */; };
/* End PBXBuildFile section */

/* Begin PBXFileReference section */
		1808A79E2B9F1616009D3F50 /* SolutionPlusSec.app */ = {isa = PBXFileReference; explicitFileType = wrapper.application; includeInIndex = 0; path = SolutionPlusSec.app; sourceTree = BUILT_PRODUCTS_DIR; };
		1808A7A12B9F1616009D3F50 /* AppDelegate.swift */ = {isa = PBXFileReference; lastKnownFileType = sourcecode.swift; path = AppDelegate.swift; sourceTree = "<group>"; };
		1808A7A32B9F1616009D3F50 /* SceneDelegate.swift */ = {isa = PBXFileReference; lastKnownFileType = sourcecode.swift; path = SceneDelegate.swift; sourceTree = "<group>"; };
		1808A7A52B9F1616009D3F50 /* ViewController.swift */ = {isa = PBXFileReference; lastKnownFileType = sourcecode.swift; path = ViewController.swift; sourceTree = "<group>"; };
		1808A7A82B9F1616009D3F50 /* Base */ = {isa = PBXFileReference; lastKnownFileType = file.storyboard; name = Base; path = Base.lproj/Main.storyboard; sourceTree = "<group>"; };
		1808A7AA2B9F1618009D3F50 /* Assets.xcassets */ = {isa = PBXFileReference; lastKnownFileType = folder.assetcatalog; path = Assets.xcassets; sourceTree = "<group>"; };
		1808A7AD2B9F1618009D3F50 /* Base */ = {isa = PBXFileReference; lastKnownFileType = file.storyboard; name = Base; path = Base.lproj/LaunchScreen.storyboard; sourceTree = "<group>"; };
		1808A7AF2B9F1618009D3F50 /* Info.plist */ = {isa = PBXFileReference; lastKnownFileType = text.plist.xml; path = Info.plist; sourceTree = "<group>"; };
		181C08852BA0DF800002BDE5 /* View.xib */ = {isa = PBXFileReference; lastKnownFileType = file.xib; path = View.xib; sourceTree = "<group>"; };
		181C08872BA0DFDF0002BDE5 /* CustomView.swift */ = {isa = PBXFileReference; lastKnownFileType = sourcecode.swift; path = CustomView.swift; sourceTree = "<group>"; };
		18642EE52BA0625400E98E7B /* MyUIUtilities */ = {isa = PBXFileReference; lastKnownFileType = wrapper; name = MyUIUtilities; path = ../MyUIUtilities; sourceTree = "<group>"; };
/* End PBXFileReference section */

/* Begin PBXFrameworksBuildPhase section */
		1808A79B2B9F1616009D3F50 /* Frameworks */ = {
			isa = PBXFrameworksBuildPhase;
			buildActionMask = 2147483647;
			files = (
			);
			runOnlyForDeploymentPostprocessing = 0;
		};
/* End PBXFrameworksBuildPhase section */

/* Begin PBXGroup section */
		18064AE02BA0E1DE00CB489F /* CustomView */ = {
			isa = PBXGroup;
			children = (
				181C08872BA0DFDF0002BDE5 /* CustomView.swift */,
				181C08852BA0DF800002BDE5 /* View.xib */,
			);
			path = CustomView;
			sourceTree = "<group>";
		};
		1808A7952B9F1616009D3F50 = {
			isa = PBXGroup;
			children = (
				1808A7A02B9F1616009D3F50 /* SolutionPlusSec */,
				18642EE42BA0625400E98E7B /* Packages */,
				1808A79F2B9F1616009D3F50 /* Products */,
			);
			sourceTree = "<group>";
		};
		1808A79F2B9F1616009D3F50 /* Products */ = {
			isa = PBXGroup;
			children = (
				1808A79E2B9F1616009D3F50 /* SolutionPlusSec.app */,
			);
			name = Products;
			sourceTree = "<group>";
		};
		1808A7A02B9F1616009D3F50 /* SolutionPlusSec */ = {
			isa = PBXGroup;
			children = (
				1808A7A12B9F1616009D3F50 /* AppDelegate.swift */,
				1808A7A32B9F1616009D3F50 /* SceneDelegate.swift */,
				1808A7A52B9F1616009D3F50 /* ViewController.swift */,
				1808A7AA2B9F1618009D3F50 /* Assets.xcassets */,
				1808A7AF2B9F1618009D3F50 /* Info.plist */,
				1808A7AC2B9F1618009D3F50 /* LaunchScreen.storyboard */,
				1808A7A72B9F1616009D3F50 /* Main.storyboard */,
				18064AE02BA0E1DE00CB489F /* CustomView */,
			);
			path = SolutionPlusSec;
			sourceTree = "<group>";
		};
		18642EE42BA0625400E98E7B /* Packages */ = {
			isa = PBXGroup;
			children = (
				18642EE52BA0625400E98E7B /* MyUIUtilities */,
			);
			name = Packages;
			sourceTree = "<group>";
		};
/* End PBXGroup section */

/* Begin PBXNativeTarget section */
		1808A79D2B9F1616009D3F50 /* SolutionPlusSec */ = {
			isa = PBXNativeTarget;
			buildConfigurationList = 1808A7B22B9F1618009D3F50 /* Build configuration list for PBXNativeTarget "SolutionPlusSec" */;
			buildPhases = (
				1808A79A2B9F1616009D3F50 /* Sources */,
				1808A79B2B9F1616009D3F50 /* Frameworks */,
				1808A79C2B9F1616009D3F50 /* Resources */,
			);
			buildRules = (
			);
			dependencies = (
			);
			name = SolutionPlusSec;
			productName = SolutionPlusSec;
			productReference = 1808A79E2B9F1616009D3F50 /* SolutionPlusSec.app */;
			productType = "com.apple.product-type.application";
		};
/* End PBXNativeTarget section */

/* Begin PBXProject section */
		1808A7962B9F1616009D3F50 /* Project object */ = {
			isa = PBXProject;
			attributes = {
				BuildIndependentTargetsInParallel = 1;
				LastSwiftUpdateCheck = 1420;
				LastUpgradeCheck = 1420;
				TargetAttributes = {
					1808A79D2B9F1616009D3F50 = {
						CreatedOnToolsVersion = 14.2;
					};
				};
			};
			buildConfigurationList = 1808A7992B9F1616009D3F50 /* Build configuration list for PBXProject "SolutionPlusSec" */;
			compatibilityVersion = "Xcode 14.0";
			developmentRegion = en;
			hasScannedForEncodings = 0;
			knownRegions = (
				en,
				Base,
			);
			mainGroup = 1808A7952B9F1616009D3F50;
			productRefGroup = 1808A79F2B9F1616009D3F50 /* Products */;
			projectDirPath = "";
			projectRoot = "";
			targets = (
				1808A79D2B9F1616009D3F50 /* SolutionPlusSec */,
			);
		};
/* End PBXProject section */

/* Begin PBXResourcesBuildPhase section */
		1808A79C2B9F1616009D3F50 /* Resources */ = {
			isa = PBXResourcesBuildPhase;
			buildActionMask = 2147483647;
			files = (
				181C08862BA0DF800002BDE5 /* View.xib in Resources */,
				1808A7AE2B9F1618009D3F50 /* LaunchScreen.storyboard in Resources */,
				1808A7AB2B9F1618009D3F50 /* Assets.xcassets in Resources */,
				1808A7A92B9F1616009D3F50 /* Main.storyboard in Resources */,
			);
			runOnlyForDeploymentPostprocessing = 0;
		};
/* End PBXResourcesBuildPhase section */

/* Begin PBXSourcesBuildPhase section */
		1808A79A2B9F1616009D3F50 /* Sources */ = {
			isa = PBXSourcesBuildPhase;
			buildActionMask = 2147483647;
			files = (
				1808A7A62B9F1616009D3F50 /* ViewController.swift in Sources */,
				181C08882BA0DFDF0002BDE5 /* CustomView.swift in Sources */,
				1808A7A22B9F1616009D3F50 /* AppDelegate.swift in Sources */,
				1808A7A42B9F1616009D3F50 /* SceneDelegate.swift in Sources */,
			);
			runOnlyForDeploymentPostprocessing = 0;
		};
/* End PBXSourcesBuildPhase section */

/* Begin PBXVariantGroup section */
		1808A7A72B9F1616009D3F50 /* Main.storyboard */ = {
			isa = PBXVariantGroup;
			children = (
				1808A7A82B9F1616009D3F50 /* Base */,
			);
			name = Main.storyboard;
			sourceTree = "<group>";
		};
		1808A7AC2B9F1618009D3F50 /* LaunchScreen.storyboard */ = {
			isa = PBXVariantGroup;
			children = (
				1808A7AD2B9F1618009D3F50 /* Base */,
			);
			name = LaunchScreen.storyboard;
			sourceTree = "<group>";
		};
/* End PBXVariantGroup section */

/* Begin XCBuildConfiguration section */
		1808A7B02B9F1618009D3F50 /* Debug */ = {
			isa = XCBuildConfiguration;
			buildSettings = {
				ALWAYS_SEARCH_USER_PATHS = NO;
				CLANG_ANALYZER_NONNULL = YES;
				CLANG_ANALYZER_NUMBER_OBJECT_CONVERSION = YES_AGGRESSIVE;
				CLANG_CXX_LANGUAGE_STANDARD = "gnu++20";
				CLANG_ENABLE_MODULES = YES;
				CLANG_ENABLE_OBJC_ARC = YES;
				CLANG_ENABLE_OBJC_WEAK = YES;
				CLANG_WARN_BLOCK_CAPTURE_AUTORELEASING = YES;
				CLANG_WARN_BOOL_CONVERSION = YES;
				CLANG_WARN_COMMA = YES;
				CLANG_WARN_CONSTANT_CONVERSION = YES;
				CLANG_WARN_DEPRECATED_OBJC_IMPLEMENTATIONS = YES;
				CLANG_WARN_DIRECT_OBJC_ISA_USAGE = YES_ERROR;
				CLANG_WARN_DOCUMENTATION_COMMENTS = YES;
				CLANG_WARN_EMPTY_BODY = YES;
				CLANG_WARN_ENUM_CONVERSION = YES;
				CLANG_WARN_INFINITE_RECURSION = YES;
				CLANG_WARN_INT_CONVERSION = YES;
				CLANG_WARN_NON_LITERAL_NULL_CONVERSION = YES;
				CLANG_WARN_OBJC_IMPLICIT_RETAIN_SELF = YES;
				CLANG_WARN_OBJC_LITERAL_CONVERSION = YES;
				CLANG_WARN_OBJC_ROOT_CLASS = YES_ERROR;
				CLANG_WARN_QUOTED_INCLUDE_IN_FRAMEWORK_HEADER = YES;
				CLANG_WARN_RANGE_LOOP_ANALYSIS = YES;
				CLANG_WARN_STRICT_PROTOTYPES = YES;
				CLANG_WARN_SUSPICIOUS_MOVE = YES;
				CLANG_WARN_UNGUARDED_AVAILABILITY = YES_AGGRESSIVE;
				CLANG_WARN_UNREACHABLE_CODE = YES;
				CLANG_WARN__DUPLICATE_METHOD_MATCH = YES;
				COPY_PHASE_STRIP = NO;
				DEBUG_INFORMATION_FORMAT = dwarf;
				ENABLE_STRICT_OBJC_MSGSEND = YES;
				ENABLE_TESTABILITY = YES;
				GCC_C_LANGUAGE_STANDARD = gnu11;
				GCC_DYNAMIC_NO_PIC = NO;
				GCC_NO_COMMON_BLOCKS = YES;
				GCC_OPTIMIZATION_LEVEL = 0;
				GCC_PREPROCESSOR_DEFINITIONS = (
					"DEBUG=1",
					"$(inherited)",
				);
				GCC_WARN_64_TO_32_BIT_CONVERSION = YES;
				GCC_WARN_ABOUT_RETURN_TYPE = YES_ERROR;
				GCC_WARN_UNDECLARED_SELECTOR = YES;
				GCC_WARN_UNINITIALIZED_AUTOS = YES_AGGRESSIVE;
				GCC_WARN_UNUSED_FUNCTION = YES;
				GCC_WARN_UNUSED_VARIABLE = YES;
				IPHONEOS_DEPLOYMENT_TARGET = 16.2;
				MTL_ENABLE_DEBUG_INFO = INCLUDE_SOURCE;
				MTL_FAST_MATH = YES;
				ONLY_ACTIVE_ARCH = YES;
				SDKROOT = iphoneos;
				SWIFT_ACTIVE_COMPILATION_CONDITIONS = DEBUG;
				SWIFT_OPTIMIZATION_LEVEL = "-Onone";
			};
			name = Debug;
		};
		1808A7B12B9F1618009D3F50 /* Release */ = {
			isa = XCBuildConfiguration;
			buildSettings = {
				ALWAYS_SEARCH_USER_PATHS = NO;
				CLANG_ANALYZER_NONNULL = YES;
				CLANG_ANALYZER_NUMBER_OBJECT_CONVERSION = YES_AGGRESSIVE;
				CLANG_CXX_LANGUAGE_STANDARD = "gnu++20";
				CLANG_ENABLE_MODULES = YES;
				CLANG_ENABLE_OBJC_ARC = YES;
				CLANG_ENABLE_OBJC_WEAK = YES;
				CLANG_WARN_BLOCK_CAPTURE_AUTORELEASING = YES;
				CLANG_WARN_BOOL_CONVERSION = YES;
				CLANG_WARN_COMMA = YES;
				CLANG_WARN_CONSTANT_CONVERSION = YES;
				CLANG_WARN_DEPRECATED_OBJC_IMPLEMENTATIONS = YES;
				CLANG_WARN_DIRECT_OBJC_ISA_USAGE = YES_ERROR;
				CLANG_WARN_DOCUMENTATION_COMMENTS = YES;
				CLANG_WARN_EMPTY_BODY = YES;
				CLANG_WARN_ENUM_CONVERSION = YES;
				CLANG_WARN_INFINITE_RECURSION = YES;
				CLANG_WARN_INT_CONVERSION = YES;
				CLANG_WARN_NON_LITERAL_NULL_CONVERSION = YES;
				CLANG_WARN_OBJC_IMPLICIT_RETAIN_SELF = YES;
				CLANG_WARN_OBJC_LITERAL_CONVERSION = YES;
				CLANG_WARN_OBJC_ROOT_CLASS = YES_ERROR;
				CLANG_WARN_QUOTED_INCLUDE_IN_FRAMEWORK_HEADER = YES;
				CLANG_WARN_RANGE_LOOP_ANALYSIS = YES;
				CLANG_WARN_STRICT_PROTOTYPES = YES;
				CLANG_WARN_SUSPICIOUS_MOVE = YES;
				CLANG_WARN_UNGUARDED_AVAILABILITY = YES_AGGRESSIVE;
				CLANG_WARN_UNREACHABLE_CODE = YES;
				CLANG_WARN__DUPLICATE_METHOD_MATCH = YES;
				COPY_PHASE_STRIP = NO;
				DEBUG_INFORMATION_FORMAT = "dwarf-with-dsym";
				ENABLE_NS_ASSERTIONS = NO;
				ENABLE_STRICT_OBJC_MSGSEND = YES;
				GCC_C_LANGUAGE_STANDARD = gnu11;
				GCC_NO_COMMON_BLOCKS = YES;
				GCC_WARN_64_TO_32_BIT_CONVERSION = YES;
				GCC_WARN_ABOUT_RETURN_TYPE = YES_ERROR;
				GCC_WARN_UNDECLARED_SELECTOR = YES;
				GCC_WARN_UNINITIALIZED_AUTOS = YES_AGGRESSIVE;
				GCC_WARN_UNUSED_FUNCTION = YES;
				GCC_WARN_UNUSED_VARIABLE = YES;
				IPHONEOS_DEPLOYMENT_TARGET = 16.2;
				MTL_ENABLE_DEBUG_INFO = NO;
				MTL_FAST_MATH = YES;
				SDKROOT = iphoneos;
				SWIFT_COMPILATION_MODE = wholemodule;
				SWIFT_OPTIMIZATION_LEVEL = "-O";
				VALIDATE_PRODUCT = YES;
			};
			name = Release;
		};
		1808A7B32B9F1618009D3F50 /* Debug */ = {
			isa = XCBuildConfiguration;
			buildSettings = {
				ASSETCATALOG_COMPILER_APPICON_NAME = AppIcon;
				ASSETCATALOG_COMPILER_GLOBAL_ACCENT_COLOR_NAME = AccentColor;
				CODE_SIGN_STYLE = Automatic;
				CURRENT_PROJECT_VERSION = 1;
				GENERATE_INFOPLIST_FILE = YES;
				INFOPLIST_FILE = SolutionPlusSec/Info.plist;
				INFOPLIST_KEY_UIApplicationSupportsIndirectInputEvents = YES;
				INFOPLIST_KEY_UILaunchStoryboardName = LaunchScreen;
				INFOPLIST_KEY_UIMainStoryboardFile = Main;
				INFOPLIST_KEY_UISupportedInterfaceOrientations_iPad = "UIInterfaceOrientationPortrait UIInterfaceOrientationPortraitUpsideDown UIInterfaceOrientationLandscapeLeft UIInterfaceOrientationLandscapeRight";
				INFOPLIST_KEY_UISupportedInterfaceOrientations_iPhone = "UIInterfaceOrientationPortrait UIInterfaceOrientationLandscapeLeft UIInterfaceOrientationLandscapeRight";
				LD_RUNPATH_SEARCH_PATHS = (
					"$(inherited)",
					"@executable_path/Frameworks",
				);
				MARKETING_VERSION = 1.0;
				PRODUCT_BUNDLE_IDENTIFIER = com.Ram.SolutionPlusSec;
				PRODUCT_NAME = "$(TARGET_NAME)";
				SWIFT_EMIT_LOC_STRINGS = YES;
				SWIFT_VERSION = 5.0;
				TARGETED_DEVICE_FAMILY = "1,2";
			};
			name = Debug;
		};
		1808A7B42B9F1618009D3F50 /* Release */ = {
			isa = XCBuildConfiguration;
			buildSettings = {
				ASSETCATALOG_COMPILER_APPICON_NAME = AppIcon;
				ASSETCATALOG_COMPILER_GLOBAL_ACCENT_COLOR_NAME = AccentColor;
				CODE_SIGN_STYLE = Automatic;
				CURRENT_PROJECT_VERSION = 1;
				GENERATE_INFOPLIST_FILE = YES;
				INFOPLIST_FILE = SolutionPlusSec/Info.plist;
				INFOPLIST_KEY_UIApplicationSupportsIndirectInputEvents = YES;
				INFOPLIST_KEY_UILaunchStoryboardName = LaunchScreen;
				INFOPLIST_KEY_UIMainStoryboardFile = Main;
				INFOPLIST_KEY_UISupportedInterfaceOrientations_iPad = "UIInterfaceOrientationPortrait UIInterfaceOrientationPortraitUpsideDown UIInterfaceOrientationLandscapeLeft UIInterfaceOrientationLandscapeRight";
				INFOPLIST_KEY_UISupportedInterfaceOrientations_iPhone = "UIInterfaceOrientationPortrait UIInterfaceOrientationLandscapeLeft UIInterfaceOrientationLandscapeRight";
				LD_RUNPATH_SEARCH_PATHS = (
					"$(inherited)",
					"@executable_path/Frameworks",
				);
				MARKETING_VERSION = 1.0;
				PRODUCT_BUNDLE_IDENTIFIER = com.Ram.SolutionPlusSec;
				PRODUCT_NAME = "$(TARGET_NAME)";
				SWIFT_EMIT_LOC_STRINGS = YES;
				SWIFT_VERSION = 5.0;
				TARGETED_DEVICE_FAMILY = "1,2";
			};
			name = Release;
		};
/* End XCBuildConfiguration section */

/* Begin XCConfigurationList section */
		1808A7992B9F1616009D3F50 /* Build configuration list for PBXProject "SolutionPlusSec" */ = {
			isa = XCConfigurationList;
			buildConfigurations = (
				1808A7B02B9F1618009D3F50 /* Debug */,
				1808A7B12B9F1618009D3F50 /* Release */,
			);
			defaultConfigurationIsVisible = 0;
			defaultConfigurationName = Release;
		};
		1808A7B22B9F1618009D3F50 /* Build configuration list for PBXNativeTarget "SolutionPlusSec" */ = {
			isa = XCConfigurationList;
			buildConfigurations = (
				1808A7B32B9F1618009D3F50 /* Debug */,
				1808A7B42B9F1618009D3F50 /* Release */,
			);
			defaultConfigurationIsVisible = 0;
			defaultConfigurationName = Release;
		};
/* End XCConfigurationList section */
	};
	rootObject = 1808A7962B9F1616009D3F50 /* Project object */;
}
